
Microsoft Visual Studio Solution File, Format Version 12.00
# Visual Studio 14
VisualStudioVersion = 14.0.25420.1
MinimumVisualStudioVersion = 10.0.40219.1
Project("{FAE04EC0-301F-11D3-BF4B-00C04F79EFBC}") = "Devices.Util", "..\UWP.Devices\Devices.Util\Devices.Util.csproj", "{E0B70271-C5F3-4BEB-B30E-45536A296387}"
EndProject
Project("{FAE04EC0-301F-11D3-BF4B-00C04F79EFBC}") = "Devices.Communication", "..\UWP.Devices\Devices.Communication\Devices.Communication.csproj", "{4D8ACBE7-0837-4DAD-A6BA-37DE7BCEA517}"
EndProject
Project("{FAE04EC0-301F-11D3-BF4B-00C04F79EFBC}") = "Devices.Components.Common", "..\UWP.Devices\Devices.Components.Common\Devices.Components.Common.csproj", "{CDA842EA-1BCB-43B1-8066-DBECE7FB6DEB}"
EndProject
Project("{FAE04EC0-301F-11D3-BF4B-00C04F79EFBC}") = "Devices.Connectors", "..\UWP.Devices\Devices.Connectors\Devices.Connectors.csproj", "{1770BD3F-C09B-42E6-AC21-1DB9B6CA37C6}"
EndProject
Project("{FAE04EC0-301F-11D3-BF4B-00C04F79EFBC}") = "Devices.Hardware", "..\UWP.Devices\Devices.Hardware\Devices.Hardware.csproj", "{9E055181-2CC7-4D82-8081-65EB99B6EEE9}"
EndProject
Project("{FAE04EC0-301F-11D3-BF4B-00C04F79EFBC}") = "Turbo.Control.UWP", "Turbo.Control.UWP\Turbo.Control.UWP.csproj", "{86506519-EC8E-4802-92E5-560523523A7C}"
EndProject
Project("{FAE04EC0-301F-11D3-BF4B-00C04F79EFBC}") = "Turbo.BrickPi.IoT", "Turbo.BrickPi.IoT\Turbo.BrickPi.IoT.csproj", "{16CF268B-0F33-4B09-9FCC-9CE4D75703AE}"
EndProject
Project("{FAE04EC0-301F-11D3-BF4B-00C04F79EFBC}") = "Turbo.BrickPi.Components", "Turbo.BrickPi.Components\Turbo.BrickPi.Components.csproj", "{67BE144F-2AFF-490A-914D-187D86847D8B}"
EndProject
Project("{FAE04EC0-301F-11D3-BF4B-00C04F79EFBC}") = "Devices.Components.Base", "..\UWP.Devices\Devices.Components.Base\Devices.Components.Base.csproj", "{39ABE250-6554-4086-98D9-0D36903DE939}"
EndProject
Global
	GlobalSection(SolutionConfigurationPlatforms) = preSolution
		Debug|Any CPU = Debug|Any CPU
		Debug|ARM = Debug|ARM
		Debug|x64 = Debug|x64
		Debug|x86 = Debug|x86
		Release|Any CPU = Release|Any CPU
		Release|ARM = Release|ARM
		Release|x64 = Release|x64
		Release|x86 = Release|x86
	EndGlobalSection
	GlobalSection(ProjectConfigurationPlatforms) = postSolution
		{E0B70271-C5F3-4BEB-B30E-45536A296387}.Debug|Any CPU.ActiveCfg = Debug|Any CPU
		{E0B70271-C5F3-4BEB-B30E-45536A296387}.Debug|Any CPU.Build.0 = Debug|Any CPU
		{E0B70271-C5F3-4BEB-B30E-45536A296387}.Debug|ARM.ActiveCfg = Debug|ARM
		{E0B70271-C5F3-4BEB-B30E-45536A296387}.Debug|ARM.Build.0 = Debug|ARM
		{E0B70271-C5F3-4BEB-B30E-45536A296387}.Debug|x64.ActiveCfg = Debug|x64
		{E0B70271-C5F3-4BEB-B30E-45536A296387}.Debug|x64.Build.0 = Debug|x64
		{E0B70271-C5F3-4BEB-B30E-45536A296387}.Debug|x86.ActiveCfg = Debug|x86
		{E0B70271-C5F3-4BEB-B30E-45536A296387}.Debug|x86.Build.0 = Debug|x86
		{E0B70271-C5F3-4BEB-B30E-45536A296387}.Release|Any CPU.ActiveCfg = Release|Any CPU
		{E0B70271-C5F3-4BEB-B30E-45536A296387}.Release|Any CPU.Build.0 = Release|Any CPU
		{E0B70271-C5F3-4BEB-B30E-45536A296387}.Release|ARM.ActiveCfg = Release|ARM
		{E0B70271-C5F3-4BEB-B30E-45536A296387}.Release|ARM.Build.0 = Release|ARM
		{E0B70271-C5F3-4BEB-B30E-45536A296387}.Release|x64.ActiveCfg = Release|x64
		{E0B70271-C5F3-4BEB-B30E-45536A296387}.Release|x64.Build.0 = Release|x64
		{E0B70271-C5F3-4BEB-B30E-45536A296387}.Release|x86.ActiveCfg = Release|x86
		{E0B70271-C5F3-4BEB-B30E-45536A296387}.Release|x86.Build.0 = Release|x86
		{4D8ACBE7-0837-4DAD-A6BA-37DE7BCEA517}.Debug|Any CPU.ActiveCfg = Debug|Any CPU
		{4D8ACBE7-0837-4DAD-A6BA-37DE7BCEA517}.Debug|Any CPU.Build.0 = Debug|Any CPU
		{4D8ACBE7-0837-4DAD-A6BA-37DE7BCEA517}.Debug|ARM.ActiveCfg = Debug|ARM
		{4D8ACBE7-0837-4DAD-A6BA-37DE7BCEA517}.Debug|ARM.Build.0 = Debug|ARM
		{4D8ACBE7-0837-4DAD-A6BA-37DE7BCEA517}.Debug|x64.ActiveCfg = Debug|x64
		{4D8ACBE7-0837-4DAD-A6BA-37DE7BCEA517}.Debug|x64.Build.0 = Debug|x64
		{4D8ACBE7-0837-4DAD-A6BA-37DE7BCEA517}.Debug|x86.ActiveCfg = Debug|x86
		{4D8ACBE7-0837-4DAD-A6BA-37DE7BCEA517}.Debug|x86.Build.0 = Debug|x86
		{4D8ACBE7-0837-4DAD-A6BA-37DE7BCEA517}.Release|Any CPU.ActiveCfg = Release|Any CPU
		{4D8ACBE7-0837-4DAD-A6BA-37DE7BCEA517}.Release|Any CPU.Build.0 = Release|Any CPU
		{4D8ACBE7-0837-4DAD-A6BA-37DE7BCEA517}.Release|ARM.ActiveCfg = Release|ARM
		{4D8ACBE7-0837-4DAD-A6BA-37DE7BCEA517}.Release|ARM.Build.0 = Release|ARM
		{4D8ACBE7-0837-4DAD-A6BA-37DE7BCEA517}.Release|x64.ActiveCfg = Release|x64
		{4D8ACBE7-0837-4DAD-A6BA-37DE7BCEA517}.Release|x64.Build.0 = Release|x64
		{4D8ACBE7-0837-4DAD-A6BA-37DE7BCEA517}.Release|x86.ActiveCfg = Release|x86
		{4D8ACBE7-0837-4DAD-A6BA-37DE7BCEA517}.Release|x86.Build.0 = Release|x86
		{CDA842EA-1BCB-43B1-8066-DBECE7FB6DEB}.Debug|Any CPU.ActiveCfg = Debug|Any CPU
		{CDA842EA-1BCB-43B1-8066-DBECE7FB6DEB}.Debug|Any CPU.Build.0 = Debug|Any CPU
		{CDA842EA-1BCB-43B1-8066-DBECE7FB6DEB}.Debug|ARM.ActiveCfg = Debug|ARM
		{CDA842EA-1BCB-43B1-8066-DBECE7FB6DEB}.Debug|ARM.Build.0 = Debug|ARM
		{CDA842EA-1BCB-43B1-8066-DBECE7FB6DEB}.Debug|x64.ActiveCfg = Debug|x64
		{CDA842EA-1BCB-43B1-8066-DBECE7FB6DEB}.Debug|x64.Build.0 = Debug|x64
		{CDA842EA-1BCB-43B1-8066-DBECE7FB6DEB}.Debug|x86.ActiveCfg = Debug|x86
		{CDA842EA-1BCB-43B1-8066-DBECE7FB6DEB}.Debug|x86.Build.0 = Debug|x86
		{CDA842EA-1BCB-43B1-8066-DBECE7FB6DEB}.Release|Any CPU.ActiveCfg = Release|Any CPU
		{CDA842EA-1BCB-43B1-8066-DBECE7FB6DEB}.Release|Any CPU.Build.0 = Release|Any CPU
		{CDA842EA-1BCB-43B1-8066-DBECE7FB6DEB}.Release|ARM.ActiveCfg = Release|ARM
		{CDA842EA-1BCB-43B1-8066-DBECE7FB6DEB}.Release|ARM.Build.0 = Release|ARM
		{CDA842EA-1BCB-43B1-8066-DBECE7FB6DEB}.Release|x64.ActiveCfg = Release|x64
		{CDA842EA-1BCB-43B1-8066-DBECE7FB6DEB}.Release|x64.Build.0 = Release|x64
		{CDA842EA-1BCB-43B1-8066-DBECE7FB6DEB}.Release|x86.ActiveCfg = Release|x86
		{CDA842EA-1BCB-43B1-8066-DBECE7FB6DEB}.Release|x86.Build.0 = Release|x86
		{1770BD3F-C09B-42E6-AC21-1DB9B6CA37C6}.Debug|Any CPU.ActiveCfg = Debug|Any CPU
		{1770BD3F-C09B-42E6-AC21-1DB9B6CA37C6}.Debug|Any CPU.Build.0 = Debug|Any CPU
		{1770BD3F-C09B-42E6-AC21-1DB9B6CA37C6}.Debug|ARM.ActiveCfg = Debug|ARM
		{1770BD3F-C09B-42E6-AC21-1DB9B6CA37C6}.Debug|ARM.Build.0 = Debug|ARM
		{1770BD3F-C09B-42E6-AC21-1DB9B6CA37C6}.Debug|x64.ActiveCfg = Debug|x64
		{1770BD3F-C09B-42E6-AC21-1DB9B6CA37C6}.Debug|x64.Build.0 = Debug|x64
		{1770BD3F-C09B-42E6-AC21-1DB9B6CA37C6}.Debug|x86.ActiveCfg = Debug|x86
		{1770BD3F-C09B-42E6-AC21-1DB9B6CA37C6}.Debug|x86.Build.0 = Debug|x86
		{1770BD3F-C09B-42E6-AC21-1DB9B6CA37C6}.Release|Any CPU.ActiveCfg = Release|Any CPU
		{1770BD3F-C09B-42E6-AC21-1DB9B6CA37C6}.Release|Any CPU.Build.0 = Release|Any CPU
		{1770BD3F-C09B-42E6-AC21-1DB9B6CA37C6}.Release|ARM.ActiveCfg = Release|ARM
		{1770BD3F-C09B-42E6-AC21-1DB9B6CA37C6}.Release|ARM.Build.0 = Release|ARM
		{1770BD3F-C09B-42E6-AC21-1DB9B6CA37C6}.Release|x64.ActiveCfg = Release|x64
		{1770BD3F-C09B-42E6-AC21-1DB9B6CA37C6}.Release|x64.Build.0 = Release|x64
		{1770BD3F-C09B-42E6-AC21-1DB9B6CA37C6}.Release|x86.ActiveCfg = Release|x86
		{1770BD3F-C09B-42E6-AC21-1DB9B6CA37C6}.Release|x86.Build.0 = Release|x86
		{9E055181-2CC7-4D82-8081-65EB99B6EEE9}.Debug|Any CPU.ActiveCfg = Debug|Any CPU
		{9E055181-2CC7-4D82-8081-65EB99B6EEE9}.Debug|Any CPU.Build.0 = Debug|Any CPU
		{9E055181-2CC7-4D82-8081-65EB99B6EEE9}.Debug|ARM.ActiveCfg = Debug|ARM
		{9E055181-2CC7-4D82-8081-65EB99B6EEE9}.Debug|ARM.Build.0 = Debug|ARM
		{9E055181-2CC7-4D82-8081-65EB99B6EEE9}.Debug|x64.ActiveCfg = Debug|x64
		{9E055181-2CC7-4D82-8081-65EB99B6EEE9}.Debug|x64.Build.0 = Debug|x64
		{9E055181-2CC7-4D82-8081-65EB99B6EEE9}.Debug|x86.ActiveCfg = Debug|x86
		{9E055181-2CC7-4D82-8081-65EB99B6EEE9}.Debug|x86.Build.0 = Debug|x86
		{9E055181-2CC7-4D82-8081-65EB99B6EEE9}.Release|Any CPU.ActiveCfg = Release|Any CPU
		{9E055181-2CC7-4D82-8081-65EB99B6EEE9}.Release|Any CPU.Build.0 = Release|Any CPU
		{9E055181-2CC7-4D82-8081-65EB99B6EEE9}.Release|ARM.ActiveCfg = Release|ARM
		{9E055181-2CC7-4D82-8081-65EB99B6EEE9}.Release|ARM.Build.0 = Release|ARM
		{9E055181-2CC7-4D82-8081-65EB99B6EEE9}.Release|x64.ActiveCfg = Release|x64
		{9E055181-2CC7-4D82-8081-65EB99B6EEE9}.Release|x64.Build.0 = Release|x64
		{9E055181-2CC7-4D82-8081-65EB99B6EEE9}.Release|x86.ActiveCfg = Release|x86
		{9E055181-2CC7-4D82-8081-65EB99B6EEE9}.Release|x86.Build.0 = Release|x86
		{86506519-EC8E-4802-92E5-560523523A7C}.Debug|Any CPU.ActiveCfg = Debug|x86
		{86506519-EC8E-4802-92E5-560523523A7C}.Debug|Any CPU.Build.0 = Debug|x86
		{86506519-EC8E-4802-92E5-560523523A7C}.Debug|Any CPU.Deploy.0 = Debug|x86
		{86506519-EC8E-4802-92E5-560523523A7C}.Debug|ARM.ActiveCfg = Debug|ARM
		{86506519-EC8E-4802-92E5-560523523A7C}.Debug|ARM.Build.0 = Debug|ARM
		{86506519-EC8E-4802-92E5-560523523A7C}.Debug|ARM.Deploy.0 = Debug|ARM
		{86506519-EC8E-4802-92E5-560523523A7C}.Debug|x64.ActiveCfg = Debug|x64
		{86506519-EC8E-4802-92E5-560523523A7C}.Debug|x64.Build.0 = Debug|x64
		{86506519-EC8E-4802-92E5-560523523A7C}.Debug|x64.Deploy.0 = Debug|x64
		{86506519-EC8E-4802-92E5-560523523A7C}.Debug|x86.ActiveCfg = Debug|x86
		{86506519-EC8E-4802-92E5-560523523A7C}.Debug|x86.Build.0 = Debug|x86
		{86506519-EC8E-4802-92E5-560523523A7C}.Debug|x86.Deploy.0 = Debug|x86
		{86506519-EC8E-4802-92E5-560523523A7C}.Release|Any CPU.ActiveCfg = Release|x86
		{86506519-EC8E-4802-92E5-560523523A7C}.Release|ARM.ActiveCfg = Release|ARM
		{86506519-EC8E-4802-92E5-560523523A7C}.Release|ARM.Build.0 = Release|ARM
		{86506519-EC8E-4802-92E5-560523523A7C}.Release|ARM.Deploy.0 = Release|ARM
		{86506519-EC8E-4802-92E5-560523523A7C}.Release|x64.ActiveCfg = Release|x64
		{86506519-EC8E-4802-92E5-560523523A7C}.Release|x64.Build.0 = Release|x64
		{86506519-EC8E-4802-92E5-560523523A7C}.Release|x64.Deploy.0 = Release|x64
		{86506519-EC8E-4802-92E5-560523523A7C}.Release|x86.ActiveCfg = Release|x86
		{86506519-EC8E-4802-92E5-560523523A7C}.Release|x86.Build.0 = Release|x86
		{86506519-EC8E-4802-92E5-560523523A7C}.Release|x86.Deploy.0 = Release|x86
		{16CF268B-0F33-4B09-9FCC-9CE4D75703AE}.Debug|Any CPU.ActiveCfg = Debug|ARM
		{16CF268B-0F33-4B09-9FCC-9CE4D75703AE}.Debug|Any CPU.Build.0 = Debug|ARM
		{16CF268B-0F33-4B09-9FCC-9CE4D75703AE}.Debug|Any CPU.Deploy.0 = Debug|ARM
		{16CF268B-0F33-4B09-9FCC-9CE4D75703AE}.Debug|ARM.ActiveCfg = Debug|ARM
		{16CF268B-0F33-4B09-9FCC-9CE4D75703AE}.Debug|ARM.Build.0 = Debug|ARM
		{16CF268B-0F33-4B09-9FCC-9CE4D75703AE}.Debug|ARM.Deploy.0 = Debug|ARM
		{16CF268B-0F33-4B09-9FCC-9CE4D75703AE}.Debug|x64.ActiveCfg = Debug|x64
		{16CF268B-0F33-4B09-9FCC-9CE4D75703AE}.Debug|x64.Build.0 = Debug|x64
		{16CF268B-0F33-4B09-9FCC-9CE4D75703AE}.Debug|x64.Deploy.0 = Debug|x64
		{16CF268B-0F33-4B09-9FCC-9CE4D75703AE}.Debug|x86.ActiveCfg = Debug|x86
		{16CF268B-0F33-4B09-9FCC-9CE4D75703AE}.Debug|x86.Build.0 = Debug|x86
		{16CF268B-0F33-4B09-9FCC-9CE4D75703AE}.Debug|x86.Deploy.0 = Debug|x86
		{16CF268B-0F33-4B09-9FCC-9CE4D75703AE}.Release|Any CPU.ActiveCfg = Release|x86
		{16CF268B-0F33-4B09-9FCC-9CE4D75703AE}.Release|ARM.ActiveCfg = Release|ARM
		{16CF268B-0F33-4B09-9FCC-9CE4D75703AE}.Release|ARM.Build.0 = Release|ARM
		{16CF268B-0F33-4B09-9FCC-9CE4D75703AE}.Release|ARM.Deploy.0 = Release|ARM
		{16CF268B-0F33-4B09-9FCC-9CE4D75703AE}.Release|x64.ActiveCfg = Release|x64
		{16CF268B-0F33-4B09-9FCC-9CE4D75703AE}.Release|x64.Build.0 = Release|x64
		{16CF268B-0F33-4B09-9FCC-9CE4D75703AE}.Release|x64.Deploy.0 = Release|x64
		{16CF268B-0F33-4B09-9FCC-9CE4D75703AE}.Release|x86.ActiveCfg = Release|x86
		{16CF268B-0F33-4B09-9FCC-9CE4D75703AE}.Release|x86.Build.0 = Release|x86
		{16CF268B-0F33-4B09-9FCC-9CE4D75703AE}.Release|x86.Deploy.0 = Release|x86
		{67BE144F-2AFF-490A-914D-187D86847D8B}.Debug|Any CPU.ActiveCfg = Debug|Any CPU
		{67BE144F-2AFF-490A-914D-187D86847D8B}.Debug|Any CPU.Build.0 = Debug|Any CPU
		{67BE144F-2AFF-490A-914D-187D86847D8B}.Debug|ARM.ActiveCfg = Debug|ARM
		{67BE144F-2AFF-490A-914D-187D86847D8B}.Debug|ARM.Build.0 = Debug|ARM
		{67BE144F-2AFF-490A-914D-187D86847D8B}.Debug|x64.ActiveCfg = Debug|x64
		{67BE144F-2AFF-490A-914D-187D86847D8B}.Debug|x64.Build.0 = Debug|x64
		{67BE144F-2AFF-490A-914D-187D86847D8B}.Debug|x86.ActiveCfg = Debug|x86
		{67BE144F-2AFF-490A-914D-187D86847D8B}.Debug|x86.Build.0 = Debug|x86
		{67BE144F-2AFF-490A-914D-187D86847D8B}.Release|Any CPU.ActiveCfg = Release|Any CPU
		{67BE144F-2AFF-490A-914D-187D86847D8B}.Release|Any CPU.Build.0 = Release|Any CPU
		{67BE144F-2AFF-490A-914D-187D86847D8B}.Release|ARM.ActiveCfg = Release|ARM
		{67BE144F-2AFF-490A-914D-187D86847D8B}.Release|ARM.Build.0 = Release|ARM
		{67BE144F-2AFF-490A-914D-187D86847D8B}.Release|x64.ActiveCfg = Release|x64
		{67BE144F-2AFF-490A-914D-187D86847D8B}.Release|x64.Build.0 = Release|x64
		{67BE144F-2AFF-490A-914D-187D86847D8B}.Release|x86.ActiveCfg = Release|x86
		{67BE144F-2AFF-490A-914D-187D86847D8B}.Release|x86.Build.0 = Release|x86
		{39ABE250-6554-4086-98D9-0D36903DE939}.Debug|Any CPU.ActiveCfg = Debug|Any CPU
		{39ABE250-6554-4086-98D9-0D36903DE939}.Debug|Any CPU.Build.0 = Debug|Any CPU
		{39ABE250-6554-4086-98D9-0D36903DE939}.Debug|ARM.ActiveCfg = Debug|ARM
		{39ABE250-6554-4086-98D9-0D36903DE939}.Debug|ARM.Build.0 = Debug|ARM
		{39ABE250-6554-4086-98D9-0D36903DE939}.Debug|x64.ActiveCfg = Debug|x64
		{39ABE250-6554-4086-98D9-0D36903DE939}.Debug|x64.Build.0 = Debug|x64
		{39ABE250-6554-4086-98D9-0D36903DE939}.Debug|x86.ActiveCfg = Debug|x86
		{39ABE250-6554-4086-98D9-0D36903DE939}.Debug|x86.Build.0 = Debug|x86
		{39ABE250-6554-4086-98D9-0D36903DE939}.Release|Any CPU.ActiveCfg = Release|Any CPU
		{39ABE250-6554-4086-98D9-0D36903DE939}.Release|Any CPU.Build.0 = Release|Any CPU
		{39ABE250-6554-4086-98D9-0D36903DE939}.Release|ARM.ActiveCfg = Release|ARM
		{39ABE250-6554-4086-98D9-0D36903DE939}.Release|ARM.Build.0 = Release|ARM
		{39ABE250-6554-4086-98D9-0D36903DE939}.Release|x64.ActiveCfg = Release|x64
		{39ABE250-6554-4086-98D9-0D36903DE939}.Release|x64.Build.0 = Release|x64
		{39ABE250-6554-4086-98D9-0D36903DE939}.Release|x86.ActiveCfg = Release|x86
		{39ABE250-6554-4086-98D9-0D36903DE939}.Release|x86.Build.0 = Release|x86
	EndGlobalSection
	GlobalSection(SolutionProperties) = preSolution
		HideSolutionNode = FALSE
	EndGlobalSection
EndGlobal
