
Microsoft Visual Studio Solution File, Format Version 12.00
# Visual Studio 14
VisualStudioVersion = 14.0.25420.1
MinimumVisualStudioVersion = 10.0.40219.1
Project("{FAE04EC0-301F-11D3-BF4B-00C04F79EFBC}") = "OmniWheel", "OmniWheel\OmniWheel.csproj", "{E1BF87A4-AAD9-4DE0-A154-87E37EA3488C}"
EndProject
Project("{FAE04EC0-301F-11D3-BF4B-00C04F79EFBC}") = "App1", "App1\App1.csproj", "{835A78EF-728F-406A-B2CC-B61BDD31029E}"
EndProject
Project("{FAE04EC0-301F-11D3-BF4B-00C04F79EFBC}") = "Common.Communication", "Common.Communication\Common.Communication.csproj", "{E4DB5494-C724-4DF6-9DC2-EA51FED0F463}"
EndProject
Project("{FAE04EC0-301F-11D3-BF4B-00C04F79EFBC}") = "Devices.Control", "Devices.Control\Devices.Control.csproj", "{0A0156D5-9ED0-462B-907E-6EEE522E63D9}"
EndProject
Project("{FAE04EC0-301F-11D3-BF4B-00C04F79EFBC}") = "OneDrive", "OneDrive\OneDrive.csproj", "{3D919A9D-0A54-497A-8250-1E6D6D1B712E}"
EndProject
Project("{FAE04EC0-301F-11D3-BF4B-00C04F79EFBC}") = "Common.Base", "Common.Base\Common.Base.csproj", "{D28BE39C-6C27-464D-8CE8-50C2174FD394}"
EndProject
Global
	GlobalSection(SolutionConfigurationPlatforms) = preSolution
		Debug|Any CPU = Debug|Any CPU
		Debug|ARM = Debug|ARM
		Debug|x64 = Debug|x64
		Debug|x86 = Debug|x86
		Release|Any CPU = Release|Any CPU
		Release|ARM = Release|ARM
		Release|x64 = Release|x64
		Release|x86 = Release|x86
	EndGlobalSection
	GlobalSection(ProjectConfigurationPlatforms) = postSolution
		{E1BF87A4-AAD9-4DE0-A154-87E37EA3488C}.Debug|Any CPU.ActiveCfg = Debug|Any CPU
		{E1BF87A4-AAD9-4DE0-A154-87E37EA3488C}.Debug|ARM.ActiveCfg = Debug|ARM
		{E1BF87A4-AAD9-4DE0-A154-87E37EA3488C}.Debug|ARM.Build.0 = Debug|ARM
		{E1BF87A4-AAD9-4DE0-A154-87E37EA3488C}.Debug|ARM.Deploy.0 = Debug|ARM
		{E1BF87A4-AAD9-4DE0-A154-87E37EA3488C}.Debug|x64.ActiveCfg = Debug|x64
		{E1BF87A4-AAD9-4DE0-A154-87E37EA3488C}.Debug|x64.Build.0 = Debug|x64
		{E1BF87A4-AAD9-4DE0-A154-87E37EA3488C}.Debug|x64.Deploy.0 = Debug|x64
		{E1BF87A4-AAD9-4DE0-A154-87E37EA3488C}.Debug|x86.ActiveCfg = Debug|x86
		{E1BF87A4-AAD9-4DE0-A154-87E37EA3488C}.Debug|x86.Build.0 = Debug|x86
		{E1BF87A4-AAD9-4DE0-A154-87E37EA3488C}.Debug|x86.Deploy.0 = Debug|x86
		{E1BF87A4-AAD9-4DE0-A154-87E37EA3488C}.Release|Any CPU.ActiveCfg = Release|Any CPU
		{E1BF87A4-AAD9-4DE0-A154-87E37EA3488C}.Release|Any CPU.Build.0 = Release|Any CPU
		{E1BF87A4-AAD9-4DE0-A154-87E37EA3488C}.Release|Any CPU.Deploy.0 = Release|Any CPU
		{E1BF87A4-AAD9-4DE0-A154-87E37EA3488C}.Release|ARM.ActiveCfg = Release|ARM
		{E1BF87A4-AAD9-4DE0-A154-87E37EA3488C}.Release|ARM.Build.0 = Release|ARM
		{E1BF87A4-AAD9-4DE0-A154-87E37EA3488C}.Release|ARM.Deploy.0 = Release|ARM
		{E1BF87A4-AAD9-4DE0-A154-87E37EA3488C}.Release|x64.ActiveCfg = Release|x64
		{E1BF87A4-AAD9-4DE0-A154-87E37EA3488C}.Release|x64.Build.0 = Release|x64
		{E1BF87A4-AAD9-4DE0-A154-87E37EA3488C}.Release|x64.Deploy.0 = Release|x64
		{E1BF87A4-AAD9-4DE0-A154-87E37EA3488C}.Release|x86.ActiveCfg = Release|x86
		{E1BF87A4-AAD9-4DE0-A154-87E37EA3488C}.Release|x86.Build.0 = Release|x86
		{E1BF87A4-AAD9-4DE0-A154-87E37EA3488C}.Release|x86.Deploy.0 = Release|x86
		{835A78EF-728F-406A-B2CC-B61BDD31029E}.Debug|Any CPU.ActiveCfg = Debug|x64
		{835A78EF-728F-406A-B2CC-B61BDD31029E}.Debug|Any CPU.Build.0 = Debug|x64
		{835A78EF-728F-406A-B2CC-B61BDD31029E}.Debug|Any CPU.Deploy.0 = Debug|x64
		{835A78EF-728F-406A-B2CC-B61BDD31029E}.Debug|ARM.ActiveCfg = Debug|x64
		{835A78EF-728F-406A-B2CC-B61BDD31029E}.Debug|ARM.Build.0 = Debug|x64
		{835A78EF-728F-406A-B2CC-B61BDD31029E}.Debug|ARM.Deploy.0 = Debug|x64
		{835A78EF-728F-406A-B2CC-B61BDD31029E}.Debug|x64.ActiveCfg = Debug|x64
		{835A78EF-728F-406A-B2CC-B61BDD31029E}.Debug|x64.Build.0 = Debug|x64
		{835A78EF-728F-406A-B2CC-B61BDD31029E}.Debug|x64.Deploy.0 = Debug|x64
		{835A78EF-728F-406A-B2CC-B61BDD31029E}.Debug|x86.ActiveCfg = Debug|x86
		{835A78EF-728F-406A-B2CC-B61BDD31029E}.Debug|x86.Build.0 = Debug|x86
		{835A78EF-728F-406A-B2CC-B61BDD31029E}.Debug|x86.Deploy.0 = Debug|x86
		{835A78EF-728F-406A-B2CC-B61BDD31029E}.Release|Any CPU.ActiveCfg = Release|x86
		{835A78EF-728F-406A-B2CC-B61BDD31029E}.Release|ARM.ActiveCfg = Release|ARM
		{835A78EF-728F-406A-B2CC-B61BDD31029E}.Release|ARM.Build.0 = Release|ARM
		{835A78EF-728F-406A-B2CC-B61BDD31029E}.Release|ARM.Deploy.0 = Release|ARM
		{835A78EF-728F-406A-B2CC-B61BDD31029E}.Release|x64.ActiveCfg = Release|x64
		{835A78EF-728F-406A-B2CC-B61BDD31029E}.Release|x64.Build.0 = Release|x64
		{835A78EF-728F-406A-B2CC-B61BDD31029E}.Release|x64.Deploy.0 = Release|x64
		{835A78EF-728F-406A-B2CC-B61BDD31029E}.Release|x86.ActiveCfg = Release|x86
		{835A78EF-728F-406A-B2CC-B61BDD31029E}.Release|x86.Build.0 = Release|x86
		{835A78EF-728F-406A-B2CC-B61BDD31029E}.Release|x86.Deploy.0 = Release|x86
		{E4DB5494-C724-4DF6-9DC2-EA51FED0F463}.Debug|Any CPU.ActiveCfg = Debug|Any CPU
		{E4DB5494-C724-4DF6-9DC2-EA51FED0F463}.Debug|Any CPU.Build.0 = Debug|Any CPU
		{E4DB5494-C724-4DF6-9DC2-EA51FED0F463}.Debug|ARM.ActiveCfg = Debug|Any CPU
		{E4DB5494-C724-4DF6-9DC2-EA51FED0F463}.Debug|ARM.Build.0 = Debug|Any CPU
		{E4DB5494-C724-4DF6-9DC2-EA51FED0F463}.Debug|x64.ActiveCfg = Debug|x64
		{E4DB5494-C724-4DF6-9DC2-EA51FED0F463}.Debug|x64.Build.0 = Debug|x64
		{E4DB5494-C724-4DF6-9DC2-EA51FED0F463}.Debug|x86.ActiveCfg = Debug|x86
		{E4DB5494-C724-4DF6-9DC2-EA51FED0F463}.Debug|x86.Build.0 = Debug|x86
		{E4DB5494-C724-4DF6-9DC2-EA51FED0F463}.Release|Any CPU.ActiveCfg = Release|Any CPU
		{E4DB5494-C724-4DF6-9DC2-EA51FED0F463}.Release|Any CPU.Build.0 = Release|Any CPU
		{E4DB5494-C724-4DF6-9DC2-EA51FED0F463}.Release|ARM.ActiveCfg = Release|ARM
		{E4DB5494-C724-4DF6-9DC2-EA51FED0F463}.Release|ARM.Build.0 = Release|ARM
		{E4DB5494-C724-4DF6-9DC2-EA51FED0F463}.Release|x64.ActiveCfg = Release|x64
		{E4DB5494-C724-4DF6-9DC2-EA51FED0F463}.Release|x64.Build.0 = Release|x64
		{E4DB5494-C724-4DF6-9DC2-EA51FED0F463}.Release|x86.ActiveCfg = Release|x86
		{E4DB5494-C724-4DF6-9DC2-EA51FED0F463}.Release|x86.Build.0 = Release|x86
		{0A0156D5-9ED0-462B-907E-6EEE522E63D9}.Debug|Any CPU.ActiveCfg = Debug|Any CPU
		{0A0156D5-9ED0-462B-907E-6EEE522E63D9}.Debug|Any CPU.Build.0 = Debug|Any CPU
		{0A0156D5-9ED0-462B-907E-6EEE522E63D9}.Debug|ARM.ActiveCfg = Debug|Any CPU
		{0A0156D5-9ED0-462B-907E-6EEE522E63D9}.Debug|ARM.Build.0 = Debug|Any CPU
		{0A0156D5-9ED0-462B-907E-6EEE522E63D9}.Debug|x64.ActiveCfg = Debug|x64
		{0A0156D5-9ED0-462B-907E-6EEE522E63D9}.Debug|x64.Build.0 = Debug|x64
		{0A0156D5-9ED0-462B-907E-6EEE522E63D9}.Debug|x86.ActiveCfg = Debug|x86
		{0A0156D5-9ED0-462B-907E-6EEE522E63D9}.Debug|x86.Build.0 = Debug|x86
		{0A0156D5-9ED0-462B-907E-6EEE522E63D9}.Release|Any CPU.ActiveCfg = Release|Any CPU
		{0A0156D5-9ED0-462B-907E-6EEE522E63D9}.Release|Any CPU.Build.0 = Release|Any CPU
		{0A0156D5-9ED0-462B-907E-6EEE522E63D9}.Release|ARM.ActiveCfg = Release|ARM
		{0A0156D5-9ED0-462B-907E-6EEE522E63D9}.Release|ARM.Build.0 = Release|ARM
		{0A0156D5-9ED0-462B-907E-6EEE522E63D9}.Release|x64.ActiveCfg = Release|x64
		{0A0156D5-9ED0-462B-907E-6EEE522E63D9}.Release|x64.Build.0 = Release|x64
		{0A0156D5-9ED0-462B-907E-6EEE522E63D9}.Release|x86.ActiveCfg = Release|x86
		{0A0156D5-9ED0-462B-907E-6EEE522E63D9}.Release|x86.Build.0 = Release|x86
		{3D919A9D-0A54-497A-8250-1E6D6D1B712E}.Debug|Any CPU.ActiveCfg = Debug|Any CPU
		{3D919A9D-0A54-497A-8250-1E6D6D1B712E}.Debug|Any CPU.Build.0 = Debug|Any CPU
		{3D919A9D-0A54-497A-8250-1E6D6D1B712E}.Debug|ARM.ActiveCfg = Debug|Any CPU
		{3D919A9D-0A54-497A-8250-1E6D6D1B712E}.Debug|ARM.Build.0 = Debug|Any CPU
		{3D919A9D-0A54-497A-8250-1E6D6D1B712E}.Debug|x64.ActiveCfg = Debug|x64
		{3D919A9D-0A54-497A-8250-1E6D6D1B712E}.Debug|x64.Build.0 = Debug|x64
		{3D919A9D-0A54-497A-8250-1E6D6D1B712E}.Debug|x86.ActiveCfg = Debug|x86
		{3D919A9D-0A54-497A-8250-1E6D6D1B712E}.Debug|x86.Build.0 = Debug|x86
		{3D919A9D-0A54-497A-8250-1E6D6D1B712E}.Release|Any CPU.ActiveCfg = Release|Any CPU
		{3D919A9D-0A54-497A-8250-1E6D6D1B712E}.Release|Any CPU.Build.0 = Release|Any CPU
		{3D919A9D-0A54-497A-8250-1E6D6D1B712E}.Release|ARM.ActiveCfg = Release|ARM
		{3D919A9D-0A54-497A-8250-1E6D6D1B712E}.Release|ARM.Build.0 = Release|ARM
		{3D919A9D-0A54-497A-8250-1E6D6D1B712E}.Release|x64.ActiveCfg = Release|x64
		{3D919A9D-0A54-497A-8250-1E6D6D1B712E}.Release|x64.Build.0 = Release|x64
		{3D919A9D-0A54-497A-8250-1E6D6D1B712E}.Release|x86.ActiveCfg = Release|x86
		{3D919A9D-0A54-497A-8250-1E6D6D1B712E}.Release|x86.Build.0 = Release|x86
		{D28BE39C-6C27-464D-8CE8-50C2174FD394}.Debug|Any CPU.ActiveCfg = Debug|Any CPU
		{D28BE39C-6C27-464D-8CE8-50C2174FD394}.Debug|Any CPU.Build.0 = Debug|Any CPU
		{D28BE39C-6C27-464D-8CE8-50C2174FD394}.Debug|ARM.ActiveCfg = Debug|Any CPU
		{D28BE39C-6C27-464D-8CE8-50C2174FD394}.Debug|ARM.Build.0 = Debug|Any CPU
		{D28BE39C-6C27-464D-8CE8-50C2174FD394}.Debug|x64.ActiveCfg = Debug|x64
		{D28BE39C-6C27-464D-8CE8-50C2174FD394}.Debug|x64.Build.0 = Debug|x64
		{D28BE39C-6C27-464D-8CE8-50C2174FD394}.Debug|x86.ActiveCfg = Debug|x86
		{D28BE39C-6C27-464D-8CE8-50C2174FD394}.Debug|x86.Build.0 = Debug|x86
		{D28BE39C-6C27-464D-8CE8-50C2174FD394}.Release|Any CPU.ActiveCfg = Release|Any CPU
		{D28BE39C-6C27-464D-8CE8-50C2174FD394}.Release|Any CPU.Build.0 = Release|Any CPU
		{D28BE39C-6C27-464D-8CE8-50C2174FD394}.Release|ARM.ActiveCfg = Release|ARM
		{D28BE39C-6C27-464D-8CE8-50C2174FD394}.Release|ARM.Build.0 = Release|ARM
		{D28BE39C-6C27-464D-8CE8-50C2174FD394}.Release|x64.ActiveCfg = Release|x64
		{D28BE39C-6C27-464D-8CE8-50C2174FD394}.Release|x64.Build.0 = Release|x64
		{D28BE39C-6C27-464D-8CE8-50C2174FD394}.Release|x86.ActiveCfg = Release|x86
		{D28BE39C-6C27-464D-8CE8-50C2174FD394}.Release|x86.Build.0 = Release|x86
	EndGlobalSection
	GlobalSection(SolutionProperties) = preSolution
		HideSolutionNode = FALSE
	EndGlobalSection
EndGlobal
