
Microsoft Visual Studio Solution File, Format Version 12.00
# Visual Studio 14
VisualStudioVersion = 14.0.25420.1
MinimumVisualStudioVersion = 10.0.40219.1
Project("{FAE04EC0-301F-11D3-BF4B-00C04F79EFBC}") = "OmniWheel", "OmniWheel\OmniWheel.csproj", "{E1BF87A4-AAD9-4DE0-A154-87E37EA3488C}"
EndProject
Project("{FAE04EC0-301F-11D3-BF4B-00C04F79EFBC}") = "App1", "App1\App1.csproj", "{835A78EF-728F-406A-B2CC-B61BDD31029E}"
EndProject
Project("{FAE04EC0-301F-11D3-BF4B-00C04F79EFBC}") = "Common.Communication", "Common.Communication\Common.Communication.csproj", "{E4DB5494-C724-4DF6-9DC2-EA51FED0F463}"
EndProject
Project("{FAE04EC0-301F-11D3-BF4B-00C04F79EFBC}") = "Devices.Control", "Devices.Control\Devices.Control.csproj", "{0A0156D5-9ED0-462B-907E-6EEE522E63D9}"
EndProject
Project("{FAE04EC0-301F-11D3-BF4B-00C04F79EFBC}") = "Common.Base", "Common.Base\Common.Base.csproj", "{D28BE39C-6C27-464D-8CE8-50C2174FD394}"
EndProject
Project("{FAE04EC0-301F-11D3-BF4B-00C04F79EFBC}") = "Devices.Base", "Devices.Base\Devices.Base.csproj", "{461F5468-6D3D-4E3C-8FEE-38497AC84A48}"
EndProject
Project("{FAE04EC0-301F-11D3-BF4B-00C04F79EFBC}") = "TurBoControl", "TurBoControl\TurBoControl.csproj", "{94FC9CCA-86BF-4DC6-90E3-9B3CA140432A}"
EndProject
Global
	GlobalSection(SolutionConfigurationPlatforms) = preSolution
		Debug|Any CPU = Debug|Any CPU
		Debug|ARM = Debug|ARM
		Debug|x64 = Debug|x64
		Debug|x86 = Debug|x86
		Release|Any CPU = Release|Any CPU
		Release|ARM = Release|ARM
		Release|x64 = Release|x64
		Release|x86 = Release|x86
	EndGlobalSection
	GlobalSection(ProjectConfigurationPlatforms) = postSolution
		{E1BF87A4-AAD9-4DE0-A154-87E37EA3488C}.Debug|Any CPU.ActiveCfg = Debug|Any CPU
		{E1BF87A4-AAD9-4DE0-A154-87E37EA3488C}.Debug|ARM.ActiveCfg = Debug|ARM
		{E1BF87A4-AAD9-4DE0-A154-87E37EA3488C}.Debug|ARM.Build.0 = Debug|ARM
		{E1BF87A4-AAD9-4DE0-A154-87E37EA3488C}.Debug|ARM.Deploy.0 = Debug|ARM
		{E1BF87A4-AAD9-4DE0-A154-87E37EA3488C}.Debug|x64.ActiveCfg = Debug|x64
		{E1BF87A4-AAD9-4DE0-A154-87E37EA3488C}.Debug|x64.Build.0 = Debug|x64
		{E1BF87A4-AAD9-4DE0-A154-87E37EA3488C}.Debug|x64.Deploy.0 = Debug|x64
		{E1BF87A4-AAD9-4DE0-A154-87E37EA3488C}.Debug|x86.ActiveCfg = Debug|x86
		{E1BF87A4-AAD9-4DE0-A154-87E37EA3488C}.Debug|x86.Build.0 = Debug|x86
		{E1BF87A4-AAD9-4DE0-A154-87E37EA3488C}.Debug|x86.Deploy.0 = Debug|x86
		{E1BF87A4-AAD9-4DE0-A154-87E37EA3488C}.Release|Any CPU.ActiveCfg = Release|Any CPU
		{E1BF87A4-AAD9-4DE0-A154-87E37EA3488C}.Release|Any CPU.Build.0 = Release|Any CPU
		{E1BF87A4-AAD9-4DE0-A154-87E37EA3488C}.Release|Any CPU.Deploy.0 = Release|Any CPU
		{E1BF87A4-AAD9-4DE0-A154-87E37EA3488C}.Release|ARM.ActiveCfg = Release|ARM
		{E1BF87A4-AAD9-4DE0-A154-87E37EA3488C}.Release|ARM.Build.0 = Release|ARM
		{E1BF87A4-AAD9-4DE0-A154-87E37EA3488C}.Release|ARM.Deploy.0 = Release|ARM
		{E1BF87A4-AAD9-4DE0-A154-87E37EA3488C}.Release|x64.ActiveCfg = Release|x64
		{E1BF87A4-AAD9-4DE0-A154-87E37EA3488C}.Release|x64.Build.0 = Release|x64
		{E1BF87A4-AAD9-4DE0-A154-87E37EA3488C}.Release|x64.Deploy.0 = Release|x64
		{E1BF87A4-AAD9-4DE0-A154-87E37EA3488C}.Release|x86.ActiveCfg = Release|x86
		{E1BF87A4-AAD9-4DE0-A154-87E37EA3488C}.Release|x86.Build.0 = Release|x86
		{E1BF87A4-AAD9-4DE0-A154-87E37EA3488C}.Release|x86.Deploy.0 = Release|x86
		{835A78EF-728F-406A-B2CC-B61BDD31029E}.Debug|Any CPU.ActiveCfg = Debug|x64
		{835A78EF-728F-406A-B2CC-B61BDD31029E}.Debug|ARM.ActiveCfg = Debug|x64
		{835A78EF-728F-406A-B2CC-B61BDD31029E}.Debug|x64.ActiveCfg = Debug|x64
		{835A78EF-728F-406A-B2CC-B61BDD31029E}.Debug|x64.Build.0 = Debug|x64
		{835A78EF-728F-406A-B2CC-B61BDD31029E}.Debug|x64.Deploy.0 = Debug|x64
		{835A78EF-728F-406A-B2CC-B61BDD31029E}.Debug|x86.ActiveCfg = Debug|x86
		{835A78EF-728F-406A-B2CC-B61BDD31029E}.Debug|x86.Build.0 = Debug|x86
		{835A78EF-728F-406A-B2CC-B61BDD31029E}.Debug|x86.Deploy.0 = Debug|x86
		{835A78EF-728F-406A-B2CC-B61BDD31029E}.Release|Any CPU.ActiveCfg = Release|x86
		{835A78EF-728F-406A-B2CC-B61BDD31029E}.Release|ARM.ActiveCfg = Release|ARM
		{835A78EF-728F-406A-B2CC-B61BDD31029E}.Release|ARM.Build.0 = Release|ARM
		{835A78EF-728F-406A-B2CC-B61BDD31029E}.Release|ARM.Deploy.0 = Release|ARM
		{835A78EF-728F-406A-B2CC-B61BDD31029E}.Release|x64.ActiveCfg = Release|x64
		{835A78EF-728F-406A-B2CC-B61BDD31029E}.Release|x64.Build.0 = Release|x64
		{835A78EF-728F-406A-B2CC-B61BDD31029E}.Release|x64.Deploy.0 = Release|x64
		{835A78EF-728F-406A-B2CC-B61BDD31029E}.Release|x86.ActiveCfg = Release|x86
		{835A78EF-728F-406A-B2CC-B61BDD31029E}.Release|x86.Build.0 = Release|x86
		{835A78EF-728F-406A-B2CC-B61BDD31029E}.Release|x86.Deploy.0 = Release|x86
		{E4DB5494-C724-4DF6-9DC2-EA51FED0F463}.Debug|Any CPU.ActiveCfg = Debug|Any CPU
		{E4DB5494-C724-4DF6-9DC2-EA51FED0F463}.Debug|Any CPU.Build.0 = Debug|Any CPU
		{E4DB5494-C724-4DF6-9DC2-EA51FED0F463}.Debug|ARM.ActiveCfg = Debug|Any CPU
		{E4DB5494-C724-4DF6-9DC2-EA51FED0F463}.Debug|ARM.Build.0 = Debug|Any CPU
		{E4DB5494-C724-4DF6-9DC2-EA51FED0F463}.Debug|x64.ActiveCfg = Debug|x64
		{E4DB5494-C724-4DF6-9DC2-EA51FED0F463}.Debug|x64.Build.0 = Debug|x64
		{E4DB5494-C724-4DF6-9DC2-EA51FED0F463}.Debug|x86.ActiveCfg = Debug|x86
		{E4DB5494-C724-4DF6-9DC2-EA51FED0F463}.Debug|x86.Build.0 = Debug|x86
		{E4DB5494-C724-4DF6-9DC2-EA51FED0F463}.Release|Any CPU.ActiveCfg = Release|Any CPU
		{E4DB5494-C724-4DF6-9DC2-EA51FED0F463}.Release|Any CPU.Build.0 = Release|Any CPU
		{E4DB5494-C724-4DF6-9DC2-EA51FED0F463}.Release|ARM.ActiveCfg = Release|ARM
		{E4DB5494-C724-4DF6-9DC2-EA51FED0F463}.Release|ARM.Build.0 = Release|ARM
		{E4DB5494-C724-4DF6-9DC2-EA51FED0F463}.Release|x64.ActiveCfg = Release|x64
		{E4DB5494-C724-4DF6-9DC2-EA51FED0F463}.Release|x64.Build.0 = Release|x64
		{E4DB5494-C724-4DF6-9DC2-EA51FED0F463}.Release|x86.ActiveCfg = Release|x86
		{E4DB5494-C724-4DF6-9DC2-EA51FED0F463}.Release|x86.Build.0 = Release|x86
		{0A0156D5-9ED0-462B-907E-6EEE522E63D9}.Debug|Any CPU.ActiveCfg = Debug|Any CPU
		{0A0156D5-9ED0-462B-907E-6EEE522E63D9}.Debug|Any CPU.Build.0 = Debug|Any CPU
		{0A0156D5-9ED0-462B-907E-6EEE522E63D9}.Debug|ARM.ActiveCfg = Debug|Any CPU
		{0A0156D5-9ED0-462B-907E-6EEE522E63D9}.Debug|ARM.Build.0 = Debug|Any CPU
		{0A0156D5-9ED0-462B-907E-6EEE522E63D9}.Debug|x64.ActiveCfg = Debug|x64
		{0A0156D5-9ED0-462B-907E-6EEE522E63D9}.Debug|x64.Build.0 = Debug|x64
		{0A0156D5-9ED0-462B-907E-6EEE522E63D9}.Debug|x86.ActiveCfg = Debug|x86
		{0A0156D5-9ED0-462B-907E-6EEE522E63D9}.Debug|x86.Build.0 = Debug|x86
		{0A0156D5-9ED0-462B-907E-6EEE522E63D9}.Release|Any CPU.ActiveCfg = Release|Any CPU
		{0A0156D5-9ED0-462B-907E-6EEE522E63D9}.Release|Any CPU.Build.0 = Release|Any CPU
		{0A0156D5-9ED0-462B-907E-6EEE522E63D9}.Release|ARM.ActiveCfg = Release|ARM
		{0A0156D5-9ED0-462B-907E-6EEE522E63D9}.Release|ARM.Build.0 = Release|ARM
		{0A0156D5-9ED0-462B-907E-6EEE522E63D9}.Release|x64.ActiveCfg = Release|x64
		{0A0156D5-9ED0-462B-907E-6EEE522E63D9}.Release|x64.Build.0 = Release|x64
		{0A0156D5-9ED0-462B-907E-6EEE522E63D9}.Release|x86.ActiveCfg = Release|x86
		{0A0156D5-9ED0-462B-907E-6EEE522E63D9}.Release|x86.Build.0 = Release|x86
		{D28BE39C-6C27-464D-8CE8-50C2174FD394}.Debug|Any CPU.ActiveCfg = Debug|Any CPU
		{D28BE39C-6C27-464D-8CE8-50C2174FD394}.Debug|Any CPU.Build.0 = Debug|Any CPU
		{D28BE39C-6C27-464D-8CE8-50C2174FD394}.Debug|ARM.ActiveCfg = Debug|Any CPU
		{D28BE39C-6C27-464D-8CE8-50C2174FD394}.Debug|ARM.Build.0 = Debug|Any CPU
		{D28BE39C-6C27-464D-8CE8-50C2174FD394}.Debug|x64.ActiveCfg = Debug|x64
		{D28BE39C-6C27-464D-8CE8-50C2174FD394}.Debug|x64.Build.0 = Debug|x64
		{D28BE39C-6C27-464D-8CE8-50C2174FD394}.Debug|x86.ActiveCfg = Debug|x86
		{D28BE39C-6C27-464D-8CE8-50C2174FD394}.Debug|x86.Build.0 = Debug|x86
		{D28BE39C-6C27-464D-8CE8-50C2174FD394}.Release|Any CPU.ActiveCfg = Release|Any CPU
		{D28BE39C-6C27-464D-8CE8-50C2174FD394}.Release|Any CPU.Build.0 = Release|Any CPU
		{D28BE39C-6C27-464D-8CE8-50C2174FD394}.Release|ARM.ActiveCfg = Release|ARM
		{D28BE39C-6C27-464D-8CE8-50C2174FD394}.Release|ARM.Build.0 = Release|ARM
		{D28BE39C-6C27-464D-8CE8-50C2174FD394}.Release|x64.ActiveCfg = Release|x64
		{D28BE39C-6C27-464D-8CE8-50C2174FD394}.Release|x64.Build.0 = Release|x64
		{D28BE39C-6C27-464D-8CE8-50C2174FD394}.Release|x86.ActiveCfg = Release|x86
		{D28BE39C-6C27-464D-8CE8-50C2174FD394}.Release|x86.Build.0 = Release|x86
		{461F5468-6D3D-4E3C-8FEE-38497AC84A48}.Debug|Any CPU.ActiveCfg = Debug|Any CPU
		{461F5468-6D3D-4E3C-8FEE-38497AC84A48}.Debug|Any CPU.Build.0 = Debug|Any CPU
		{461F5468-6D3D-4E3C-8FEE-38497AC84A48}.Debug|ARM.ActiveCfg = Debug|Any CPU
		{461F5468-6D3D-4E3C-8FEE-38497AC84A48}.Debug|ARM.Build.0 = Debug|Any CPU
		{461F5468-6D3D-4E3C-8FEE-38497AC84A48}.Debug|x64.ActiveCfg = Debug|x64
		{461F5468-6D3D-4E3C-8FEE-38497AC84A48}.Debug|x64.Build.0 = Debug|x64
		{461F5468-6D3D-4E3C-8FEE-38497AC84A48}.Debug|x86.ActiveCfg = Debug|x86
		{461F5468-6D3D-4E3C-8FEE-38497AC84A48}.Debug|x86.Build.0 = Debug|x86
		{461F5468-6D3D-4E3C-8FEE-38497AC84A48}.Release|Any CPU.ActiveCfg = Release|Any CPU
		{461F5468-6D3D-4E3C-8FEE-38497AC84A48}.Release|Any CPU.Build.0 = Release|Any CPU
		{461F5468-6D3D-4E3C-8FEE-38497AC84A48}.Release|ARM.ActiveCfg = Release|ARM
		{461F5468-6D3D-4E3C-8FEE-38497AC84A48}.Release|ARM.Build.0 = Release|ARM
		{461F5468-6D3D-4E3C-8FEE-38497AC84A48}.Release|x64.ActiveCfg = Release|x64
		{461F5468-6D3D-4E3C-8FEE-38497AC84A48}.Release|x64.Build.0 = Release|x64
		{461F5468-6D3D-4E3C-8FEE-38497AC84A48}.Release|x86.ActiveCfg = Release|x86
		{461F5468-6D3D-4E3C-8FEE-38497AC84A48}.Release|x86.Build.0 = Release|x86
		{94FC9CCA-86BF-4DC6-90E3-9B3CA140432A}.Debug|Any CPU.ActiveCfg = Debug|x64
		{94FC9CCA-86BF-4DC6-90E3-9B3CA140432A}.Debug|Any CPU.Build.0 = Debug|x64
		{94FC9CCA-86BF-4DC6-90E3-9B3CA140432A}.Debug|Any CPU.Deploy.0 = Debug|x64
		{94FC9CCA-86BF-4DC6-90E3-9B3CA140432A}.Debug|ARM.ActiveCfg = Debug|ARM
		{94FC9CCA-86BF-4DC6-90E3-9B3CA140432A}.Debug|x64.ActiveCfg = Debug|x64
		{94FC9CCA-86BF-4DC6-90E3-9B3CA140432A}.Debug|x64.Build.0 = Debug|x64
		{94FC9CCA-86BF-4DC6-90E3-9B3CA140432A}.Debug|x64.Deploy.0 = Debug|x64
		{94FC9CCA-86BF-4DC6-90E3-9B3CA140432A}.Debug|x86.ActiveCfg = Debug|x86
		{94FC9CCA-86BF-4DC6-90E3-9B3CA140432A}.Debug|x86.Build.0 = Debug|x86
		{94FC9CCA-86BF-4DC6-90E3-9B3CA140432A}.Debug|x86.Deploy.0 = Debug|x86
		{94FC9CCA-86BF-4DC6-90E3-9B3CA140432A}.Release|Any CPU.ActiveCfg = Release|x86
		{94FC9CCA-86BF-4DC6-90E3-9B3CA140432A}.Release|ARM.ActiveCfg = Release|ARM
		{94FC9CCA-86BF-4DC6-90E3-9B3CA140432A}.Release|ARM.Build.0 = Release|ARM
		{94FC9CCA-86BF-4DC6-90E3-9B3CA140432A}.Release|ARM.Deploy.0 = Release|ARM
		{94FC9CCA-86BF-4DC6-90E3-9B3CA140432A}.Release|x64.ActiveCfg = Release|x64
		{94FC9CCA-86BF-4DC6-90E3-9B3CA140432A}.Release|x64.Build.0 = Release|x64
		{94FC9CCA-86BF-4DC6-90E3-9B3CA140432A}.Release|x64.Deploy.0 = Release|x64
		{94FC9CCA-86BF-4DC6-90E3-9B3CA140432A}.Release|x86.ActiveCfg = Release|x86
		{94FC9CCA-86BF-4DC6-90E3-9B3CA140432A}.Release|x86.Build.0 = Release|x86
		{94FC9CCA-86BF-4DC6-90E3-9B3CA140432A}.Release|x86.Deploy.0 = Release|x86
	EndGlobalSection
	GlobalSection(SolutionProperties) = preSolution
		HideSolutionNode = FALSE
	EndGlobalSection
EndGlobal
